
Microsoft Visual Studio Solution File, Format Version 12.00
# Visual Studio Version 16
VisualStudioVersion = 16.0.33027.164
MinimumVisualStudioVersion = 10.0.40219.1
Project("{9A19103F-16F7-4668-BE54-9A1E7A4F7556}") = "DicingBlade", "DicingBlade.csproj", "{3F8B6893-8ABB-497D-A494-29D6768F12B8}"
EndProject
Project("{9A19103F-16F7-4668-BE54-9A1E7A4F7556}") = "MachineClassLibrary", "..\..\MachineClassLibrary\MachineClassLibrary.csproj", "{B3B5E500-72CE-4D4F-A610-E00BBC13F3B0}"
EndProject
Project("{9A19103F-16F7-4668-BE54-9A1E7A4F7556}") = "MachineControlsLibrary", "..\..\MachineControlsLibrary\MachineControlsLibrary.csproj", "{695BF004-F4CB-43A9-A1C0-A8AC1CA79D09}"
EndProject
Global
	GlobalSection(SolutionConfigurationPlatforms) = preSolution
		Debug|Any CPU = Debug|Any CPU
		Debug|x86 = Debug|x86
		Release|Any CPU = Release|Any CPU
		Release|x86 = Release|x86
	EndGlobalSection
	GlobalSection(ProjectConfigurationPlatforms) = postSolution
		{3F8B6893-8ABB-497D-A494-29D6768F12B8}.Debug|Any CPU.ActiveCfg = Debug|Any CPU
		{3F8B6893-8ABB-497D-A494-29D6768F12B8}.Debug|Any CPU.Build.0 = Debug|Any CPU
		{3F8B6893-8ABB-497D-A494-29D6768F12B8}.Debug|x86.ActiveCfg = Debug|Any CPU
		{3F8B6893-8ABB-497D-A494-29D6768F12B8}.Debug|x86.Build.0 = Debug|Any CPU
		{3F8B6893-8ABB-497D-A494-29D6768F12B8}.Release|Any CPU.ActiveCfg = Release|Any CPU
		{3F8B6893-8ABB-497D-A494-29D6768F12B8}.Release|Any CPU.Build.0 = Release|Any CPU
		{3F8B6893-8ABB-497D-A494-29D6768F12B8}.Release|x86.ActiveCfg = Release|Any CPU
		{3F8B6893-8ABB-497D-A494-29D6768F12B8}.Release|x86.Build.0 = Release|Any CPU
		{B3B5E500-72CE-4D4F-A610-E00BBC13F3B0}.Debug|Any CPU.ActiveCfg = Debug|Any CPU
		{B3B5E500-72CE-4D4F-A610-E00BBC13F3B0}.Debug|Any CPU.Build.0 = Debug|Any CPU
		{B3B5E500-72CE-4D4F-A610-E00BBC13F3B0}.Debug|x86.ActiveCfg = Debug|x86
		{B3B5E500-72CE-4D4F-A610-E00BBC13F3B0}.Debug|x86.Build.0 = Debug|x86
		{B3B5E500-72CE-4D4F-A610-E00BBC13F3B0}.Release|Any CPU.ActiveCfg = Release|Any CPU
		{B3B5E500-72CE-4D4F-A610-E00BBC13F3B0}.Release|Any CPU.Build.0 = Release|Any CPU
		{B3B5E500-72CE-4D4F-A610-E00BBC13F3B0}.Release|x86.ActiveCfg = Release|x86
		{B3B5E500-72CE-4D4F-A610-E00BBC13F3B0}.Release|x86.Build.0 = Release|x86
		{695BF004-F4CB-43A9-A1C0-A8AC1CA79D09}.Debug|Any CPU.ActiveCfg = Debug|Any CPU
		{695BF004-F4CB-43A9-A1C0-A8AC1CA79D09}.Debug|Any CPU.Build.0 = Debug|Any CPU
		{695BF004-F4CB-43A9-A1C0-A8AC1CA79D09}.Debug|x86.ActiveCfg = Debug|x86
		{695BF004-F4CB-43A9-A1C0-A8AC1CA79D09}.Debug|x86.Build.0 = Debug|x86
		{695BF004-F4CB-43A9-A1C0-A8AC1CA79D09}.Release|Any CPU.ActiveCfg = Release|Any CPU
		{695BF004-F4CB-43A9-A1C0-A8AC1CA79D09}.Release|Any CPU.Build.0 = Release|Any CPU
		{695BF004-F4CB-43A9-A1C0-A8AC1CA79D09}.Release|x86.ActiveCfg = Release|x86
		{695BF004-F4CB-43A9-A1C0-A8AC1CA79D09}.Release|x86.Build.0 = Release|x86
	EndGlobalSection
	GlobalSection(SolutionProperties) = preSolution
		HideSolutionNode = FALSE
	EndGlobalSection
	GlobalSection(ExtensibilityGlobals) = postSolution
		SolutionGuid = {010B88E9-0A91-4B4F-B4AB-9113E12D8467}
	EndGlobalSection
EndGlobal
